
Microsoft Visual Studio Solution File, Format Version 12.00
# Visual Studio Version 17
VisualStudioVersion = 17.9.34607.119
MinimumVisualStudioVersion = 10.0.40219.1
Project("{FAE04EC0-301F-11D3-BF4B-00C04F79EFBC}") = "WebStore", "WebStore\WebStore.csproj", "{A903C420-41D5-4662-A99C-0C8899E7E248}"
EndProject
Project("{FAE04EC0-301F-11D3-BF4B-00C04F79EFBC}") = "WebStore.Core", "WebStore.Core\WebStore.Core.csproj", "{E86AAB8C-92DD-4761-BF8E-0C52D503B5E8}"
EndProject
Project("{FAE04EC0-301F-11D3-BF4B-00C04F79EFBC}") = "WebStore.Data", "WebStore.Data\WebStore.Data.csproj", "{1DAC8FC5-FB05-416D-AD5D-4481A42792CB}"
EndProject
Global
	GlobalSection(SolutionConfigurationPlatforms) = preSolution
		Debug|Any CPU = Debug|Any CPU
		Release|Any CPU = Release|Any CPU
	EndGlobalSection
	GlobalSection(ProjectConfigurationPlatforms) = postSolution
		{A903C420-41D5-4662-A99C-0C8899E7E248}.Debug|Any CPU.ActiveCfg = Debug|Any CPU
		{A903C420-41D5-4662-A99C-0C8899E7E248}.Debug|Any CPU.Build.0 = Debug|Any CPU
		{A903C420-41D5-4662-A99C-0C8899E7E248}.Release|Any CPU.ActiveCfg = Release|Any CPU
		{A903C420-41D5-4662-A99C-0C8899E7E248}.Release|Any CPU.Build.0 = Release|Any CPU
		{E86AAB8C-92DD-4761-BF8E-0C52D503B5E8}.Debug|Any CPU.ActiveCfg = Debug|Any CPU
		{E86AAB8C-92DD-4761-BF8E-0C52D503B5E8}.Debug|Any CPU.Build.0 = Debug|Any CPU
		{E86AAB8C-92DD-4761-BF8E-0C52D503B5E8}.Release|Any CPU.ActiveCfg = Release|Any CPU
		{E86AAB8C-92DD-4761-BF8E-0C52D503B5E8}.Release|Any CPU.Build.0 = Release|Any CPU
		{1DAC8FC5-FB05-416D-AD5D-4481A42792CB}.Debug|Any CPU.ActiveCfg = Debug|Any CPU
		{1DAC8FC5-FB05-416D-AD5D-4481A42792CB}.Debug|Any CPU.Build.0 = Debug|Any CPU
		{1DAC8FC5-FB05-416D-AD5D-4481A42792CB}.Release|Any CPU.ActiveCfg = Release|Any CPU
		{1DAC8FC5-FB05-416D-AD5D-4481A42792CB}.Release|Any CPU.Build.0 = Release|Any CPU
	EndGlobalSection
	GlobalSection(SolutionProperties) = preSolution
		HideSolutionNode = FALSE
	EndGlobalSection
	GlobalSection(ExtensibilityGlobals) = postSolution
		SolutionGuid = {F9108209-C1AA-466A-A340-CD086DE03CBE}
	EndGlobalSection
EndGlobal
